{
  "originHash" : "f636dbe44036c7d3370dc2f2263f368d4bf727c19823e38c1c47f1837ab57297",
  "pins" : [
    {
      "identity" : "swift-argument-parser",
      "kind" : "remoteSourceControl",
      "location" : "https://github.com/apple/swift-argument-parser.git",
      "state" : {
        "revision" : "41982a3656a71c768319979febd796c6fd111d5c",
        "version" : "1.5.0"
      }
    },
    {
      "identity" : "swiftygpio",
      "kind" : "remoteSourceControl",
      "location" : "https://github.com/uraimo/SwiftyGPIO.git",
      "state" : {
        "revision" : "b86215de6ecde8e6649590978164a5532ef7a975",
        "version" : "1.4.4"
      }
    }
  ],
  "version" : 3
}
