{
  "originHash" : "3f2adb487afa696da36975df1d42f251f50833a3758bd84093a54ceb80822257",
  "pins" : [
    {
      "identity" : "swift-argument-parser",
      "kind" : "remoteSourceControl",
      "location" : "https://github.com/apple/swift-argument-parser.git",
      "state" : {
        "revision" : "41982a3656a71c768319979febd796c6fd111d5c",
        "version" : "1.5.0"
      }
    },
    {
      "identity" : "swiftygpio",
      "kind" : "remoteSourceControl",
      "location" : "https://github.com/uraimo/SwiftyGPIO.git",
      "state" : {
        "revision" : "8b78a143f2651abddd5b2b6d055a132f04d1c618",
        "version" : "2.0.0-beta9"
      }
    }
  ],
  "version" : 3
}
