{
  "originHash" : "732dd756235097b5fe0ceed86b1f9db7703cb452b96d88e1b14b5e31c402398a",
  "pins" : [
    {
      "identity" : "swift-argument-parser",
      "kind" : "remoteSourceControl",
      "location" : "https://github.com/apple/swift-argument-parser.git",
      "state" : {
        "revision" : "41982a3656a71c768319979febd796c6fd111d5c",
        "version" : "1.5.0"
      }
    },
    {
      "identity" : "swiftygpio",
      "kind" : "remoteSourceControl",
      "location" : "https://github.com/gestrich/SwiftyGPIO",
      "state" : {
        "branch" : "bugfix/2024-12-pi-memory-address",
        "revision" : "083b24db5d5c533e8b7a9b288313061ba596e8c8"
      }
    }
  ],
  "version" : 3
}
